
Microsoft Visual Studio Solution File, Format Version 12.00
# Visual Studio Version 17
VisualStudioVersion = 17.4.33213.308
MinimumVisualStudioVersion = 10.0.40219.1
Project("{FAE04EC0-301F-11D3-BF4B-00C04F79EFBC}") = "Example", "Example\Example.csproj", "{20EDA8CA-C997-439B-AB96-0EE73F7EA05C}"
EndProject
Global
	GlobalSection(SolutionConfigurationPlatforms) = preSolution
		Debug|Any CPU = Debug|Any CPU
		Release|Any CPU = Release|Any CPU
	EndGlobalSection
	GlobalSection(ProjectConfigurationPlatforms) = postSolution
		{20EDA8CA-C997-439B-AB96-0EE73F7EA05C}.Debug|Any CPU.ActiveCfg = Debug|Any CPU
		{20EDA8CA-C997-439B-AB96-0EE73F7EA05C}.Debug|Any CPU.Build.0 = Debug|Any CPU
		{20EDA8CA-C997-439B-AB96-0EE73F7EA05C}.Release|Any CPU.ActiveCfg = Release|Any CPU
		{20EDA8CA-C997-439B-AB96-0EE73F7EA05C}.Release|Any CPU.Build.0 = Release|Any CPU
	EndGlobalSection
	GlobalSection(SolutionProperties) = preSolution
		HideSolutionNode = FALSE
	EndGlobalSection
	GlobalSection(ExtensibilityGlobals) = postSolution
		SolutionGuid = {2F3CC310-8405-4C8B-BDDF-ECBA55213B80}
	EndGlobalSection
EndGlobal
